
Microsoft Visual Studio Solution File, Format Version 12.00
# Visual Studio Version 16
VisualStudioVersion = 16.0.29613.14
MinimumVisualStudioVersion = 10.0.40219.1
Project("{FAE04EC0-301F-11D3-BF4B-00C04F79EFBC}") = "Material Login application", "Material Login application.csproj", "{78EA6C4D-8CDB-42B6-BCA3-E1843567F832}"
EndProject
Global
	GlobalSection(SolutionConfigurationPlatforms) = preSolution
		Debug|Any CPU = Debug|Any CPU
		Release|Any CPU = Release|Any CPU
	EndGlobalSection
	GlobalSection(ProjectConfigurationPlatforms) = postSolution
		{78EA6C4D-8CDB-42B6-BCA3-E1843567F832}.Debug|Any CPU.ActiveCfg = Debug|Any CPU
		{78EA6C4D-8CDB-42B6-BCA3-E1843567F832}.Debug|Any CPU.Build.0 = Debug|Any CPU
		{78EA6C4D-8CDB-42B6-BCA3-E1843567F832}.Release|Any CPU.ActiveCfg = Release|Any CPU
		{78EA6C4D-8CDB-42B6-BCA3-E1843567F832}.Release|Any CPU.Build.0 = Release|Any CPU
	EndGlobalSection
	GlobalSection(SolutionProperties) = preSolution
		HideSolutionNode = FALSE
	EndGlobalSection
	GlobalSection(ExtensibilityGlobals) = postSolution
		SolutionGuid = {E191E64A-00B9-487E-8ACD-14E5E6C17DD5}
	EndGlobalSection
EndGlobal
