
Microsoft Visual Studio Solution File, Format Version 12.00
# Visual Studio Version 16
VisualStudioVersion = 16.0.29613.14
MinimumVisualStudioVersion = 10.0.40219.1
Project("{FAE04EC0-301F-11D3-BF4B-00C04F79EFBC}") = "first_windows_form_application", "first_windows_form_application.csproj", "{AA9047EC-1B88-46F6-986A-8096FFB01849}"
EndProject
Global
	GlobalSection(SolutionConfigurationPlatforms) = preSolution
		Debug|Any CPU = Debug|Any CPU
		Release|Any CPU = Release|Any CPU
	EndGlobalSection
	GlobalSection(ProjectConfigurationPlatforms) = postSolution
		{AA9047EC-1B88-46F6-986A-8096FFB01849}.Debug|Any CPU.ActiveCfg = Debug|Any CPU
		{AA9047EC-1B88-46F6-986A-8096FFB01849}.Debug|Any CPU.Build.0 = Debug|Any CPU
		{AA9047EC-1B88-46F6-986A-8096FFB01849}.Release|Any CPU.ActiveCfg = Release|Any CPU
		{AA9047EC-1B88-46F6-986A-8096FFB01849}.Release|Any CPU.Build.0 = Release|Any CPU
	EndGlobalSection
	GlobalSection(SolutionProperties) = preSolution
		HideSolutionNode = FALSE
	EndGlobalSection
	GlobalSection(ExtensibilityGlobals) = postSolution
		SolutionGuid = {F9FBAFBA-5E8F-4A8D-A6CF-BEF030D4BEA0}
	EndGlobalSection
EndGlobal
